{
  "name": "gestion-conocimiento-ong",
  "version": "1.5.0",
  "lockfileVersion": 3,
  "requires": true,
  "packages": {
    "": {
      "name": "gestion-conocimiento-ong",
      "version": "1.5.0",
      "license": "MIT",
      "devDependencies": {},
      "engines": {
        "node": ">=18"
      }
    }
  }
}
